{
  "object": {
    "pins": [
      {
        "package": "API",
        "repositoryURL": "https://github.com/vmanot/API.git",
        "state": {
          "branch": "master",
          "revision": "0f119adab39b02af28ba2be9ac7f7ce0e8366b0e",
          "version": null
        }
      },
      {
        "package": "Compute",
        "repositoryURL": "https://github.com/vmanot/Compute.git",
        "state": {
          "branch": "master",
          "revision": "adc134acb414cd402d76fe0e3c0ae12f7c116872",
          "version": null
        }
      },
      {
        "package": "FoundationX",
        "repositoryURL": "https://github.com/vmanot/FoundationX.git",
        "state": {
          "branch": "master",
          "revision": "c7147cac78d19a2bb7323bacb48b50b1697dcbab",
          "version": null
        }
      },
      {
        "package": "Merge",
        "repositoryURL": "https://github.com/vmanot/Merge.git",
        "state": {
          "branch": "master",
          "revision": "de023d156b9437824dc4b34b3c9a1ac13b2e2b5a",
          "version": null
        }
      },
      {
        "package": "NetworkKit",
        "repositoryURL": "https://github.com/vmanot/NetworkKit.git",
        "state": {
          "branch": "master",
          "revision": "c2fb8c640e276d32d7ed7b7067cd6e833baec66d",
          "version": null
        }
      },
      {
        "package": "Swallow",
        "repositoryURL": "https://github.com/vmanot/Swallow.git",
        "state": {
          "branch": "master",
          "revision": "e932054c9a843509ba894b85b3c8c628e3b6e83a",
          "version": null
        }
      },
      {
        "package": "SwiftUIX",
        "repositoryURL": "https://github.com/SwiftUIX/SwiftUIX.git",
        "state": {
          "branch": "master",
          "revision": "a1de8f9d861545f0e7c9317574ec67da94ef4af8",
          "version": null
        }
      }
    ]
  },
  "version": 1
}
