{
  "object": {
    "pins": [
      {
        "package": "API",
        "repositoryURL": "git@github.com:vmanot/API.git",
        "state": {
          "branch": "master",
          "revision": "c83fe4b2c396d33fa4f7866288a982b02d28aa36",
          "version": null
        }
      },
      {
        "package": "FoundationX",
        "repositoryURL": "git@github.com:vmanot/FoundationX.git",
        "state": {
          "branch": "master",
          "revision": "4954d9be398f6b03e5b912914a82c9bc8e937c04",
          "version": null
        }
      },
      {
        "package": "Merge",
        "repositoryURL": "git@github.com:vmanot/Merge.git",
        "state": {
          "branch": "master",
          "revision": "d0cabdc795fc2267a17d7e597cd81ea1a018d542",
          "version": null
        }
      },
      {
        "package": "NetworkKit",
        "repositoryURL": "git@github.com:vmanot/NetworkKit.git",
        "state": {
          "branch": "master",
          "revision": "d7a90a8960d9419c53fa91ef1e2aa1f741368719",
          "version": null
        }
      },
      {
        "package": "Swallow",
        "repositoryURL": "git@github.com:vmanot/Swallow.git",
        "state": {
          "branch": "master",
          "revision": "4df88dcf533327206b16bbef8e255b41f9b5275f",
          "version": null
        }
      },
      {
        "package": "SwiftUIX",
        "repositoryURL": "git@github.com:SwiftUIX/SwiftUIX.git",
        "state": {
          "branch": "master",
          "revision": "189b33f0406bf57bcc13ebd59fba3d93671d3837",
          "version": null
        }
      },
      {
        "package": "Task",
        "repositoryURL": "git@github.com:vmanot/Task.git",
        "state": {
          "branch": "master",
          "revision": "6e960a86d6c0213409d9dfbd0221361f6f17f5df",
          "version": null
        }
      }
    ]
  },
  "version": 1
}
