// !$*UTF8*$!
{
	archiveVersion = 1;
	classes = {
	};
	objectVersion = 52;
	objects = {

/* Begin PBXBuildFile section */
		D434037A24AE360D00846185 /* MeansApp.swift in Sources */ = {isa = PBXBuildFile; fileRef = D434037924AE360D00846185 /* MeansApp.swift */; };
		D434037E24AE360F00846185 /* Assets.xcassets in Resources */ = {isa = PBXBuildFile; fileRef = D434037D24AE360F00846185 /* Assets.xcassets */; };
		D434038124AE360F00846185 /* Preview Assets.xcassets in Resources */ = {isa = PBXBuildFile; fileRef = D434038024AE360F00846185 /* Preview Assets.xcassets */; };
		D44F015724AE812E00DA233F /* MediumAPI.swift in Sources */ = {isa = PBXBuildFile; fileRef = D44F015624AE812E00DA233F /* MediumAPI.swift */; };
		D452D5DF24B8F77F0066E259 /* FoundationX in Frameworks */ = {isa = PBXBuildFile; productRef = D452D5DE24B8F77F0066E259 /* FoundationX */; };
		D452D5E224B8F7A20066E259 /* Reactor in Frameworks */ = {isa = PBXBuildFile; productRef = D452D5E124B8F7A20066E259 /* Reactor */; };
		D452D5E524B8F7C60066E259 /* Network in Frameworks */ = {isa = PBXBuildFile; productRef = D452D5E424B8F7C60066E259 /* Network */; };
		D483DB8624AF8A5F00948D8A /* Swallow in Frameworks */ = {isa = PBXBuildFile; productRef = D483DB8524AF8A5F00948D8A /* Swallow */; };
/* End PBXBuildFile section */

/* Begin PBXFileReference section */
		D434037624AE360D00846185 /* Means.app */ = {isa = PBXFileReference; explicitFileType = wrapper.application; includeInIndex = 0; path = Means.app; sourceTree = BUILT_PRODUCTS_DIR; };
		D434037924AE360D00846185 /* MeansApp.swift */ = {isa = PBXFileReference; lastKnownFileType = sourcecode.swift; path = MeansApp.swift; sourceTree = "<group>"; };
		D434037D24AE360F00846185 /* Assets.xcassets */ = {isa = PBXFileReference; lastKnownFileType = folder.assetcatalog; path = Assets.xcassets; sourceTree = "<group>"; };
		D434038024AE360F00846185 /* Preview Assets.xcassets */ = {isa = PBXFileReference; lastKnownFileType = folder.assetcatalog; path = "Preview Assets.xcassets"; sourceTree = "<group>"; };
		D434038224AE360F00846185 /* Info.plist */ = {isa = PBXFileReference; lastKnownFileType = text.plist.xml; path = Info.plist; sourceTree = "<group>"; };
		D434038824AE363500846185 /* Means.entitlements */ = {isa = PBXFileReference; lastKnownFileType = text.plist.entitlements; path = Means.entitlements; sourceTree = "<group>"; };
		D44F015624AE812E00DA233F /* MediumAPI.swift */ = {isa = PBXFileReference; lastKnownFileType = sourcecode.swift; path = MediumAPI.swift; sourceTree = "<group>"; };
/* End PBXFileReference section */

/* Begin PBXFrameworksBuildPhase section */
		D434037324AE360D00846185 /* Frameworks */ = {
			isa = PBXFrameworksBuildPhase;
			buildActionMask = 2147483647;
			files = (
				D452D5E224B8F7A20066E259 /* Reactor in Frameworks */,
				D452D5E524B8F7C60066E259 /* Network in Frameworks */,
				D483DB8624AF8A5F00948D8A /* Swallow in Frameworks */,
				D452D5DF24B8F77F0066E259 /* FoundationX in Frameworks */,
			);
			runOnlyForDeploymentPostprocessing = 0;
		};
/* End PBXFrameworksBuildPhase section */

/* Begin PBXGroup section */
		D434036D24AE360C00846185 = {
			isa = PBXGroup;
			children = (
				D434037724AE360D00846185 /* Products */,
				D434038F24AE36D400846185 /* Targets */,
			);
			sourceTree = "<group>";
		};
		D434037724AE360D00846185 /* Products */ = {
			isa = PBXGroup;
			children = (
				D434037624AE360D00846185 /* Means.app */,
			);
			name = Products;
			sourceTree = "<group>";
		};
		D434037824AE360D00846185 /* Files */ = {
			isa = PBXGroup;
			children = (
				D434037924AE360D00846185 /* MeansApp.swift */,
				D44F015624AE812E00DA233F /* MediumAPI.swift */,
			);
			path = Files;
			sourceTree = "<group>";
		};
		D434037F24AE360F00846185 /* Preview Content */ = {
			isa = PBXGroup;
			children = (
				D434038024AE360F00846185 /* Preview Assets.xcassets */,
			);
			path = "Preview Content";
			sourceTree = "<group>";
		};
		D434038F24AE36D400846185 /* Targets */ = {
			isa = PBXGroup;
			children = (
				D434039024AE36EC00846185 /* Application (iOS) */,
			);
			path = Targets;
			sourceTree = "<group>";
		};
		D434039024AE36EC00846185 /* Application (iOS) */ = {
			isa = PBXGroup;
			children = (
				D434037824AE360D00846185 /* Files */,
				D434039124AE36FE00846185 /* Supporting Files */,
			);
			path = "Application (iOS)";
			sourceTree = "<group>";
		};
		D434039124AE36FE00846185 /* Supporting Files */ = {
			isa = PBXGroup;
			children = (
				D434039224AE370800846185 /* Bundle Resources */,
				D434037F24AE360F00846185 /* Preview Content */,
			);
			path = "Supporting Files";
			sourceTree = "<group>";
		};
		D434039224AE370800846185 /* Bundle Resources */ = {
			isa = PBXGroup;
			children = (
				D434037D24AE360F00846185 /* Assets.xcassets */,
				D434038224AE360F00846185 /* Info.plist */,
				D434038824AE363500846185 /* Means.entitlements */,
			);
			path = "Bundle Resources";
			sourceTree = "<group>";
		};
/* End PBXGroup section */

/* Begin PBXNativeTarget section */
		D434037524AE360D00846185 /* Means */ = {
			isa = PBXNativeTarget;
			buildConfigurationList = D434038524AE360F00846185 /* Build configuration list for PBXNativeTarget "Means" */;
			buildPhases = (
				D434037224AE360D00846185 /* Sources */,
				D434037324AE360D00846185 /* Frameworks */,
				D434037424AE360D00846185 /* Resources */,
			);
			buildRules = (
			);
			dependencies = (
			);
			name = Means;
			packageProductDependencies = (
				D483DB8524AF8A5F00948D8A /* Swallow */,
				D452D5DE24B8F77F0066E259 /* FoundationX */,
				D452D5E124B8F7A20066E259 /* Reactor */,
				D452D5E424B8F7C60066E259 /* Network */,
			);
			productName = Means;
			productReference = D434037624AE360D00846185 /* Means.app */;
			productType = "com.apple.product-type.application";
		};
/* End PBXNativeTarget section */

/* Begin PBXProject section */
		D434036E24AE360C00846185 /* Project object */ = {
			isa = PBXProject;
			attributes = {
				LastSwiftUpdateCheck = 1200;
				LastUpgradeCheck = 1200;
				TargetAttributes = {
					D434037524AE360D00846185 = {
						CreatedOnToolsVersion = 12.0;
					};
				};
			};
			buildConfigurationList = D434037124AE360C00846185 /* Build configuration list for PBXProject "Means" */;
			compatibilityVersion = "Xcode 9.3";
			developmentRegion = en;
			hasScannedForEncodings = 0;
			knownRegions = (
				en,
				Base,
			);
			mainGroup = D434036D24AE360C00846185;
			packageReferences = (
				D483DB8424AF8A5F00948D8A /* XCRemoteSwiftPackageReference "Swallow" */,
				D452D5DD24B8F77F0066E259 /* XCRemoteSwiftPackageReference "FoundationX" */,
				D452D5E024B8F7A20066E259 /* XCRemoteSwiftPackageReference "Reactor" */,
				D452D5E324B8F7C60066E259 /* XCRemoteSwiftPackageReference "Network" */,
			);
			productRefGroup = D434037724AE360D00846185 /* Products */;
			projectDirPath = "";
			projectRoot = "";
			targets = (
				D434037524AE360D00846185 /* Means */,
			);
		};
/* End PBXProject section */

/* Begin PBXResourcesBuildPhase section */
		D434037424AE360D00846185 /* Resources */ = {
			isa = PBXResourcesBuildPhase;
			buildActionMask = 2147483647;
			files = (
				D434038124AE360F00846185 /* Preview Assets.xcassets in Resources */,
				D434037E24AE360F00846185 /* Assets.xcassets in Resources */,
			);
			runOnlyForDeploymentPostprocessing = 0;
		};
/* End PBXResourcesBuildPhase section */

/* Begin PBXSourcesBuildPhase section */
		D434037224AE360D00846185 /* Sources */ = {
			isa = PBXSourcesBuildPhase;
			buildActionMask = 2147483647;
			files = (
				D434037A24AE360D00846185 /* MeansApp.swift in Sources */,
				D44F015724AE812E00DA233F /* MediumAPI.swift in Sources */,
			);
			runOnlyForDeploymentPostprocessing = 0;
		};
/* End PBXSourcesBuildPhase section */

/* Begin XCBuildConfiguration section */
		D434038324AE360F00846185 /* Debug */ = {
			isa = XCBuildConfiguration;
			buildSettings = {
				ALWAYS_SEARCH_USER_PATHS = NO;
				CLANG_ANALYZER_NONNULL = YES;
				CLANG_ANALYZER_NUMBER_OBJECT_CONVERSION = YES_AGGRESSIVE;
				CLANG_CXX_LANGUAGE_STANDARD = "gnu++14";
				CLANG_CXX_LIBRARY = "libc++";
				CLANG_ENABLE_MODULES = YES;
				CLANG_ENABLE_OBJC_ARC = YES;
				CLANG_ENABLE_OBJC_WEAK = YES;
				CLANG_WARN_BLOCK_CAPTURE_AUTORELEASING = YES;
				CLANG_WARN_BOOL_CONVERSION = YES;
				CLANG_WARN_COMMA = YES;
				CLANG_WARN_CONSTANT_CONVERSION = YES;
				CLANG_WARN_DEPRECATED_OBJC_IMPLEMENTATIONS = YES;
				CLANG_WARN_DIRECT_OBJC_ISA_USAGE = YES_ERROR;
				CLANG_WARN_DOCUMENTATION_COMMENTS = YES;
				CLANG_WARN_EMPTY_BODY = YES;
				CLANG_WARN_ENUM_CONVERSION = YES;
				CLANG_WARN_INFINITE_RECURSION = YES;
				CLANG_WARN_INT_CONVERSION = YES;
				CLANG_WARN_NON_LITERAL_NULL_CONVERSION = YES;
				CLANG_WARN_OBJC_IMPLICIT_RETAIN_SELF = YES;
				CLANG_WARN_OBJC_LITERAL_CONVERSION = YES;
				CLANG_WARN_OBJC_ROOT_CLASS = YES_ERROR;
				CLANG_WARN_QUOTED_INCLUDE_IN_FRAMEWORK_HEADER = YES;
				CLANG_WARN_RANGE_LOOP_ANALYSIS = YES;
				CLANG_WARN_STRICT_PROTOTYPES = YES;
				CLANG_WARN_SUSPICIOUS_MOVE = YES;
				CLANG_WARN_UNGUARDED_AVAILABILITY = YES_AGGRESSIVE;
				CLANG_WARN_UNREACHABLE_CODE = YES;
				CLANG_WARN__DUPLICATE_METHOD_MATCH = YES;
				COPY_PHASE_STRIP = NO;
				DEBUG_INFORMATION_FORMAT = dwarf;
				ENABLE_STRICT_OBJC_MSGSEND = YES;
				ENABLE_TESTABILITY = YES;
				GCC_C_LANGUAGE_STANDARD = gnu11;
				GCC_DYNAMIC_NO_PIC = NO;
				GCC_NO_COMMON_BLOCKS = YES;
				GCC_OPTIMIZATION_LEVEL = 0;
				GCC_PREPROCESSOR_DEFINITIONS = (
					"DEBUG=1",
					"$(inherited)",
				);
				GCC_WARN_64_TO_32_BIT_CONVERSION = YES;
				GCC_WARN_ABOUT_RETURN_TYPE = YES_ERROR;
				GCC_WARN_UNDECLARED_SELECTOR = YES;
				GCC_WARN_UNINITIALIZED_AUTOS = YES_AGGRESSIVE;
				GCC_WARN_UNUSED_FUNCTION = YES;
				GCC_WARN_UNUSED_VARIABLE = YES;
				IPHONEOS_DEPLOYMENT_TARGET = 14.0;
				MTL_ENABLE_DEBUG_INFO = INCLUDE_SOURCE;
				MTL_FAST_MATH = YES;
				ONLY_ACTIVE_ARCH = YES;
				SDKROOT = iphoneos;
				SWIFT_ACTIVE_COMPILATION_CONDITIONS = DEBUG;
				SWIFT_OPTIMIZATION_LEVEL = "-Onone";
			};
			name = Debug;
		};
		D434038424AE360F00846185 /* Release */ = {
			isa = XCBuildConfiguration;
			buildSettings = {
				ALWAYS_SEARCH_USER_PATHS = NO;
				CLANG_ANALYZER_NONNULL = YES;
				CLANG_ANALYZER_NUMBER_OBJECT_CONVERSION = YES_AGGRESSIVE;
				CLANG_CXX_LANGUAGE_STANDARD = "gnu++14";
				CLANG_CXX_LIBRARY = "libc++";
				CLANG_ENABLE_MODULES = YES;
				CLANG_ENABLE_OBJC_ARC = YES;
				CLANG_ENABLE_OBJC_WEAK = YES;
				CLANG_WARN_BLOCK_CAPTURE_AUTORELEASING = YES;
				CLANG_WARN_BOOL_CONVERSION = YES;
				CLANG_WARN_COMMA = YES;
				CLANG_WARN_CONSTANT_CONVERSION = YES;
				CLANG_WARN_DEPRECATED_OBJC_IMPLEMENTATIONS = YES;
				CLANG_WARN_DIRECT_OBJC_ISA_USAGE = YES_ERROR;
				CLANG_WARN_DOCUMENTATION_COMMENTS = YES;
				CLANG_WARN_EMPTY_BODY = YES;
				CLANG_WARN_ENUM_CONVERSION = YES;
				CLANG_WARN_INFINITE_RECURSION = YES;
				CLANG_WARN_INT_CONVERSION = YES;
				CLANG_WARN_NON_LITERAL_NULL_CONVERSION = YES;
				CLANG_WARN_OBJC_IMPLICIT_RETAIN_SELF = YES;
				CLANG_WARN_OBJC_LITERAL_CONVERSION = YES;
				CLANG_WARN_OBJC_ROOT_CLASS = YES_ERROR;
				CLANG_WARN_QUOTED_INCLUDE_IN_FRAMEWORK_HEADER = YES;
				CLANG_WARN_RANGE_LOOP_ANALYSIS = YES;
				CLANG_WARN_STRICT_PROTOTYPES = YES;
				CLANG_WARN_SUSPICIOUS_MOVE = YES;
				CLANG_WARN_UNGUARDED_AVAILABILITY = YES_AGGRESSIVE;
				CLANG_WARN_UNREACHABLE_CODE = YES;
				CLANG_WARN__DUPLICATE_METHOD_MATCH = YES;
				COPY_PHASE_STRIP = NO;
				DEBUG_INFORMATION_FORMAT = "dwarf-with-dsym";
				ENABLE_NS_ASSERTIONS = NO;
				ENABLE_STRICT_OBJC_MSGSEND = YES;
				GCC_C_LANGUAGE_STANDARD = gnu11;
				GCC_NO_COMMON_BLOCKS = YES;
				GCC_WARN_64_TO_32_BIT_CONVERSION = YES;
				GCC_WARN_ABOUT_RETURN_TYPE = YES_ERROR;
				GCC_WARN_UNDECLARED_SELECTOR = YES;
				GCC_WARN_UNINITIALIZED_AUTOS = YES_AGGRESSIVE;
				GCC_WARN_UNUSED_FUNCTION = YES;
				GCC_WARN_UNUSED_VARIABLE = YES;
				IPHONEOS_DEPLOYMENT_TARGET = 14.0;
				MTL_ENABLE_DEBUG_INFO = NO;
				MTL_FAST_MATH = YES;
				SDKROOT = iphoneos;
				SWIFT_COMPILATION_MODE = wholemodule;
				SWIFT_OPTIMIZATION_LEVEL = "-O";
				VALIDATE_PRODUCT = YES;
			};
			name = Release;
		};
		D434038624AE360F00846185 /* Debug */ = {
			isa = XCBuildConfiguration;
			buildSettings = {
				ASSETCATALOG_COMPILER_APPICON_NAME = AppIcon;
				ASSETCATALOG_COMPILER_GLOBAL_ACCENT_COLOR_NAME = AccentColor;
				CODE_SIGN_ENTITLEMENTS = "Targets/Application (iOS)/Supporting Files/Bundle Resources/$(PRODUCT_NAME).entitlements";
				CODE_SIGN_STYLE = Automatic;
				DEVELOPMENT_ASSET_PATHS = "\"Targets/Application (iOS)/Supporting Files/Preview Content\"";
				DEVELOPMENT_TEAM = 4PWQ7VFGWM;
				ENABLE_PREVIEWS = YES;
				INFOPLIST_FILE = "Targets/Application (iOS)/Supporting Files/Bundle Resources/Info.plist";
				IPHONEOS_DEPLOYMENT_TARGET = 14.0;
				LD_RUNPATH_SEARCH_PATHS = (
					"$(inherited)",
					"@executable_path/Frameworks",
				);
				PRODUCT_BUNDLE_IDENTIFIER = com.vmanot.Means;
				PRODUCT_NAME = "$(TARGET_NAME)";
				SUPPORTS_MACCATALYST = YES;
				SWIFT_VERSION = 5.0;
				TARGETED_DEVICE_FAMILY = "1,2";
			};
			name = Debug;
		};
		D434038724AE360F00846185 /* Release */ = {
			isa = XCBuildConfiguration;
			buildSettings = {
				ASSETCATALOG_COMPILER_APPICON_NAME = AppIcon;
				ASSETCATALOG_COMPILER_GLOBAL_ACCENT_COLOR_NAME = AccentColor;
				CODE_SIGN_ENTITLEMENTS = "Targets/Application (iOS)/Supporting Files/Bundle Resources/$(PRODUCT_NAME).entitlements";
				CODE_SIGN_STYLE = Automatic;
				DEVELOPMENT_ASSET_PATHS = "\"Targets/Application (iOS)/Supporting Files/Preview Content\"";
				DEVELOPMENT_TEAM = 4PWQ7VFGWM;
				ENABLE_PREVIEWS = YES;
				INFOPLIST_FILE = "Targets/Application (iOS)/Supporting Files/Bundle Resources/Info.plist";
				IPHONEOS_DEPLOYMENT_TARGET = 14.0;
				LD_RUNPATH_SEARCH_PATHS = (
					"$(inherited)",
					"@executable_path/Frameworks",
				);
				PRODUCT_BUNDLE_IDENTIFIER = com.vmanot.Means;
				PRODUCT_NAME = "$(TARGET_NAME)";
				SUPPORTS_MACCATALYST = YES;
				SWIFT_VERSION = 5.0;
				TARGETED_DEVICE_FAMILY = "1,2";
			};
			name = Release;
		};
/* End XCBuildConfiguration section */

/* Begin XCConfigurationList section */
		D434037124AE360C00846185 /* Build configuration list for PBXProject "Means" */ = {
			isa = XCConfigurationList;
			buildConfigurations = (
				D434038324AE360F00846185 /* Debug */,
				D434038424AE360F00846185 /* Release */,
			);
			defaultConfigurationIsVisible = 0;
			defaultConfigurationName = Release;
		};
		D434038524AE360F00846185 /* Build configuration list for PBXNativeTarget "Means" */ = {
			isa = XCConfigurationList;
			buildConfigurations = (
				D434038624AE360F00846185 /* Debug */,
				D434038724AE360F00846185 /* Release */,
			);
			defaultConfigurationIsVisible = 0;
			defaultConfigurationName = Release;
		};
/* End XCConfigurationList section */

/* Begin XCRemoteSwiftPackageReference section */
		D452D5DD24B8F77F0066E259 /* XCRemoteSwiftPackageReference "FoundationX" */ = {
			isa = XCRemoteSwiftPackageReference;
			repositoryURL = "git@github.com:vmanot/FoundationX.git";
			requirement = {
				branch = master;
				kind = branch;
			};
		};
		D452D5E024B8F7A20066E259 /* XCRemoteSwiftPackageReference "Reactor" */ = {
			isa = XCRemoteSwiftPackageReference;
			repositoryURL = "git@github.com:vmanot/Reactor.git";
			requirement = {
				branch = master;
				kind = branch;
			};
		};
		D452D5E324B8F7C60066E259 /* XCRemoteSwiftPackageReference "Network" */ = {
			isa = XCRemoteSwiftPackageReference;
			repositoryURL = "git@github.com:vmanot/Network.git";
			requirement = {
				branch = master;
				kind = branch;
			};
		};
		D483DB8424AF8A5F00948D8A /* XCRemoteSwiftPackageReference "Swallow" */ = {
			isa = XCRemoteSwiftPackageReference;
			repositoryURL = "git@github.com:vmanot/Swallow.git";
			requirement = {
				branch = master;
				kind = branch;
			};
		};
/* End XCRemoteSwiftPackageReference section */

/* Begin XCSwiftPackageProductDependency section */
		D452D5DE24B8F77F0066E259 /* FoundationX */ = {
			isa = XCSwiftPackageProductDependency;
			package = D452D5DD24B8F77F0066E259 /* XCRemoteSwiftPackageReference "FoundationX" */;
			productName = FoundationX;
		};
		D452D5E124B8F7A20066E259 /* Reactor */ = {
			isa = XCSwiftPackageProductDependency;
			package = D452D5E024B8F7A20066E259 /* XCRemoteSwiftPackageReference "Reactor" */;
			productName = Reactor;
		};
		D452D5E424B8F7C60066E259 /* Network */ = {
			isa = XCSwiftPackageProductDependency;
			package = D452D5E324B8F7C60066E259 /* XCRemoteSwiftPackageReference "Network" */;
			productName = Network;
		};
		D483DB8524AF8A5F00948D8A /* Swallow */ = {
			isa = XCSwiftPackageProductDependency;
			package = D483DB8424AF8A5F00948D8A /* XCRemoteSwiftPackageReference "Swallow" */;
			productName = Swallow;
		};
/* End XCSwiftPackageProductDependency section */
	};
	rootObject = D434036E24AE360C00846185 /* Project object */;
}
